
Microsoft Visual Studio Solution File, Format Version 12.00
# Visual Studio Version 16
VisualStudioVersion = 16.0.30002.166
MinimumVisualStudioVersion = 10.0.40219.1
Project("{FAE04EC0-301F-11D3-BF4B-00C04F79EFBC}") = "OnlineCakeShop", "OnlineCakeShop\OnlineCakeShop.csproj", "{08FD0176-43E3-470F-AF47-1A10877CB458}"
EndProject
Global
	GlobalSection(SolutionConfigurationPlatforms) = preSolution
		Debug|Any CPU = Debug|Any CPU
		Release|Any CPU = Release|Any CPU
	EndGlobalSection
	GlobalSection(ProjectConfigurationPlatforms) = postSolution
		{08FD0176-43E3-470F-AF47-1A10877CB458}.Debug|Any CPU.ActiveCfg = Debug|Any CPU
		{08FD0176-43E3-470F-AF47-1A10877CB458}.Debug|Any CPU.Build.0 = Debug|Any CPU
		{08FD0176-43E3-470F-AF47-1A10877CB458}.Release|Any CPU.ActiveCfg = Release|Any CPU
		{08FD0176-43E3-470F-AF47-1A10877CB458}.Release|Any CPU.Build.0 = Release|Any CPU
	EndGlobalSection
	GlobalSection(SolutionProperties) = preSolution
		HideSolutionNode = FALSE
	EndGlobalSection
	GlobalSection(ExtensibilityGlobals) = postSolution
		SolutionGuid = {F95703E2-E787-4EAE-A5CA-C85C805F7FAC}
	EndGlobalSection
EndGlobal
